{
  "nodes": {
    "disko": {
      "inputs": {
        "nixpkgs": [
          "nixpkgs"
        ]
      },
      "locked": {
        "lastModified": 1715070411,
        "narHash": "sha256-5CNvkH0Nf7yMwgKhjUNg/lUK40C7DXB4zKOuA2jVO90=",
        "owner": "nix-community",
        "repo": "disko",
        "rev": "4677f6c53482a8b01ee93957e3bdd569d51261d6",
        "type": "github"
      },
      "original": {
        "owner": "nix-community",
        "ref": "v1.6.1",
        "repo": "disko",
        "type": "github"
      }
    },
    "flake-parts": {
      "inputs": {
        "nixpkgs-lib": "nixpkgs-lib"
      },
      "locked": {
        "lastModified": 1715865404,
        "narHash": "sha256-/GJvTdTpuDjNn84j82cU6bXztE0MSkdnTWClUCRub78=",
        "owner": "hercules-ci",
        "repo": "flake-parts",
        "rev": "8dc45382d5206bd292f9c2768b8058a8fd8311d9",
        "type": "github"
      },
      "original": {
        "owner": "hercules-ci",
        "repo": "flake-parts",
        "type": "github"
      }
    },
    "home-manager": {
      "inputs": {
        "nixpkgs": [
          "nixpkgs"
        ]
      },
      "locked": {
        "lastModified": 1716729631,
        "narHash": "sha256-IerjU5GUeKc0eW9FPOdlPveSGJ2ZrO+lIfuHPUmUF2I=",
        "owner": "nix-community",
        "repo": "home-manager",
        "rev": "fc4492181833eaaa7a26a8081c0615d95792d825",
        "type": "github"
      },
      "original": {
        "owner": "nix-community",
        "ref": "release-23.05",
        "repo": "home-manager",
        "type": "github"
      }
    },
    "nixpkgs": {
      "locked": {
        "lastModified": 1716633019,
        "narHash": "sha256-xim1b5/HZYbWaZKyI7cn9TJCM6ewNVZnesRr00mXeS4=",
        "owner": "nixos",
        "repo": "nixpkgs",
        "rev": "9d29cd266cebf80234c98dd0b87256b6be0af44e",
        "type": "github"
      },
      "original": {
        "owner": "nixos",
        "ref": "nixos-23.11",
        "repo": "nixpkgs",
        "type": "github"
      }
    },
    "nixpkgs-lib": {
      "locked": {
        "lastModified": 1714640452,
        "narHash": "sha256-QBx10+k6JWz6u7VsohfSw8g8hjdBZEf8CFzXH1/1Z94=",
        "type": "tarball",
        "url": "https://github.com/NixOS/nixpkgs/archive/50eb7ecf4cd0a5756d7275c8ba36790e5bd53e33.tar.gz"
      },
      "original": {
        "type": "tarball",
        "url": "https://github.com/NixOS/nixpkgs/archive/50eb7ecf4cd0a5756d7275c8ba36790e5bd53e33.tar.gz"
      }
    },
    "nixpkgs-unstable": {
      "locked": {
        "lastModified": 1716509168,
        "narHash": "sha256-4zSIhSRRIoEBwjbPm3YiGtbd8HDWzFxJjw5DYSDy1n8=",
        "owner": "nixos",
        "repo": "nixpkgs",
        "rev": "bfb7a882678e518398ce9a31a881538679f6f092",
        "type": "github"
      },
      "original": {
        "owner": "nixos",
        "ref": "nixos-unstable",
        "repo": "nixpkgs",
        "type": "github"
      }
    },
    "root": {
      "inputs": {
        "disko": "disko",
        "flake-parts": "flake-parts",
        "home-manager": "home-manager",
        "nixpkgs": "nixpkgs",
        "nixpkgs-unstable": "nixpkgs-unstable"
      }
    }
  },
  "root": "root",
  "version": 7
}
